
Microsoft Visual Studio Solution File, Format Version 12.00
# Visual Studio 15
VisualStudioVersion = 15.0.28307.1022
MinimumVisualStudioVersion = 10.0.40219.1
Project("{9A19103F-16F7-4668-BE54-9A1E7A4F7556}") = "StaffManagment", "StaffManagment\StaffManagment.csproj", "{2947CD4E-3494-4357-ADD1-896396982C5E}"
EndProject
Global
	GlobalSection(SolutionConfigurationPlatforms) = preSolution
		Debug|Any CPU = Debug|Any CPU
		Release|Any CPU = Release|Any CPU
	EndGlobalSection
	GlobalSection(ProjectConfigurationPlatforms) = postSolution
		{2947CD4E-3494-4357-ADD1-896396982C5E}.Debug|Any CPU.ActiveCfg = Debug|Any CPU
		{2947CD4E-3494-4357-ADD1-896396982C5E}.Debug|Any CPU.Build.0 = Debug|Any CPU
		{2947CD4E-3494-4357-ADD1-896396982C5E}.Release|Any CPU.ActiveCfg = Release|Any CPU
		{2947CD4E-3494-4357-ADD1-896396982C5E}.Release|Any CPU.Build.0 = Release|Any CPU
	EndGlobalSection
	GlobalSection(SolutionProperties) = preSolution
		HideSolutionNode = FALSE
	EndGlobalSection
	GlobalSection(ExtensibilityGlobals) = postSolution
		SolutionGuid = {D07A3343-988B-42FA-93D0-233BB798F5BA}
	EndGlobalSection
EndGlobal
